
Microsoft Visual Studio Solution File, Format Version 12.00
Project("{FAE04EC0-301F-11D3-BF4B-00C04F79EFBC}") = "API", "API\API.csproj", "{DB66408B-6B6C-4442-8F72-4657C3A79059}"
EndProject
Project("{FAE04EC0-301F-11D3-BF4B-00C04F79EFBC}") = "SeedData", "SeedData\SeedData.csproj", "{AF5280E9-9225-422F-A40B-AC3B8E3BAB97}"
EndProject
Global
	GlobalSection(SolutionConfigurationPlatforms) = preSolution
		Debug|Any CPU = Debug|Any CPU
		Release|Any CPU = Release|Any CPU
	EndGlobalSection
	GlobalSection(ProjectConfigurationPlatforms) = postSolution
		{DB66408B-6B6C-4442-8F72-4657C3A79059}.Debug|Any CPU.ActiveCfg = Debug|Any CPU
		{DB66408B-6B6C-4442-8F72-4657C3A79059}.Debug|Any CPU.Build.0 = Debug|Any CPU
		{DB66408B-6B6C-4442-8F72-4657C3A79059}.Release|Any CPU.ActiveCfg = Release|Any CPU
		{DB66408B-6B6C-4442-8F72-4657C3A79059}.Release|Any CPU.Build.0 = Release|Any CPU
		{AF5280E9-9225-422F-A40B-AC3B8E3BAB97}.Debug|Any CPU.ActiveCfg = Debug|Any CPU
		{AF5280E9-9225-422F-A40B-AC3B8E3BAB97}.Debug|Any CPU.Build.0 = Debug|Any CPU
		{AF5280E9-9225-422F-A40B-AC3B8E3BAB97}.Release|Any CPU.ActiveCfg = Release|Any CPU
		{AF5280E9-9225-422F-A40B-AC3B8E3BAB97}.Release|Any CPU.Build.0 = Release|Any CPU
	EndGlobalSection
EndGlobal
